
Microsoft Visual Studio Solution File, Format Version 12.00
# Visual Studio Version 17
VisualStudioVersion = 17.13.35931.197
MinimumVisualStudioVersion = 10.0.40219.1
Project("{8BC9CEB8-8B4A-11D0-8D11-00A0C91BC942}") = "BOUNCE", "BOUNCE.vcxproj", "{144E71CC-92D0-406F-A907-734381A9AC4E}"
	ProjectSection(ProjectDependencies) = postProject
		{06091828-FC28-4B22-9545-4239B1CB6AE0} = {06091828-FC28-4B22-9545-4239B1CB6AE0}
		{5853C3E5-766C-42F0-A5CA-F756135713E6} = {5853C3E5-766C-42F0-A5CA-F756135713E6}
		{67D41D21-297F-4CB3-8E24-EBB9B8908591} = {67D41D21-297F-4CB3-8E24-EBB9B8908591}
		{6D32B86D-67D3-4016-A465-1B685086F68D} = {6D32B86D-67D3-4016-A465-1B685086F68D}
	EndProjectSection
EndProject
Project("{8BC9CEB8-8B4A-11D0-8D11-00A0C91BC942}") = "UTIL", "..\..\LIB\UTIL\UTIL.vcxproj", "{67D41D21-297F-4CB3-8E24-EBB9B8908591}"
EndProject
Project("{8BC9CEB8-8B4A-11D0-8D11-00A0C91BC942}") = "WIN", "..\..\LIB\WIN\WIN.vcxproj", "{5853C3E5-766C-42F0-A5CA-F756135713E6}"
	ProjectSection(ProjectDependencies) = postProject
		{67D41D21-297F-4CB3-8E24-EBB9B8908591} = {67D41D21-297F-4CB3-8E24-EBB9B8908591}
	EndProjectSection
EndProject
Project("{8BC9CEB8-8B4A-11D0-8D11-00A0C91BC942}") = "OGL", "..\..\LIB\OGL\OGL.vcxproj", "{6D32B86D-67D3-4016-A465-1B685086F68D}"
	ProjectSection(ProjectDependencies) = postProject
		{06091828-FC28-4B22-9545-4239B1CB6AE0} = {06091828-FC28-4B22-9545-4239B1CB6AE0}
		{5853C3E5-766C-42F0-A5CA-F756135713E6} = {5853C3E5-766C-42F0-A5CA-F756135713E6}
		{67D41D21-297F-4CB3-8E24-EBB9B8908591} = {67D41D21-297F-4CB3-8E24-EBB9B8908591}
	EndProjectSection
EndProject
Project("{8BC9CEB8-8B4A-11D0-8D11-00A0C91BC942}") = "GPH", "..\..\LIB\GPH\GPH.vcxproj", "{06091828-FC28-4B22-9545-4239B1CB6AE0}"
	ProjectSection(ProjectDependencies) = postProject
		{67D41D21-297F-4CB3-8E24-EBB9B8908591} = {67D41D21-297F-4CB3-8E24-EBB9B8908591}
	EndProjectSection
EndProject
Global
	GlobalSection(SolutionConfigurationPlatforms) = preSolution
		Debug|x64 = Debug|x64
		Debug|x86 = Debug|x86
		Release|x64 = Release|x64
		Release|x86 = Release|x86
	EndGlobalSection
	GlobalSection(ProjectConfigurationPlatforms) = postSolution
		{144E71CC-92D0-406F-A907-734381A9AC4E}.Debug|x64.ActiveCfg = Debug|Win32
		{144E71CC-92D0-406F-A907-734381A9AC4E}.Debug|x64.Build.0 = Debug|Win32
		{144E71CC-92D0-406F-A907-734381A9AC4E}.Debug|x86.ActiveCfg = Debug|Win32
		{144E71CC-92D0-406F-A907-734381A9AC4E}.Debug|x86.Build.0 = Debug|Win32
		{144E71CC-92D0-406F-A907-734381A9AC4E}.Release|x64.ActiveCfg = Release|x64
		{144E71CC-92D0-406F-A907-734381A9AC4E}.Release|x64.Build.0 = Release|x64
		{144E71CC-92D0-406F-A907-734381A9AC4E}.Release|x86.ActiveCfg = Release|Win32
		{144E71CC-92D0-406F-A907-734381A9AC4E}.Release|x86.Build.0 = Release|Win32
		{67D41D21-297F-4CB3-8E24-EBB9B8908591}.Debug|x64.ActiveCfg = Debug|Win32
		{67D41D21-297F-4CB3-8E24-EBB9B8908591}.Debug|x64.Build.0 = Debug|Win32
		{67D41D21-297F-4CB3-8E24-EBB9B8908591}.Debug|x86.ActiveCfg = Debug|Win32
		{67D41D21-297F-4CB3-8E24-EBB9B8908591}.Debug|x86.Build.0 = Debug|Win32
		{67D41D21-297F-4CB3-8E24-EBB9B8908591}.Release|x64.ActiveCfg = Release|Win32
		{67D41D21-297F-4CB3-8E24-EBB9B8908591}.Release|x64.Build.0 = Release|Win32
		{67D41D21-297F-4CB3-8E24-EBB9B8908591}.Release|x86.ActiveCfg = Release|Win32
		{67D41D21-297F-4CB3-8E24-EBB9B8908591}.Release|x86.Build.0 = Release|Win32
		{5853C3E5-766C-42F0-A5CA-F756135713E6}.Debug|x64.ActiveCfg = Debug|Win32
		{5853C3E5-766C-42F0-A5CA-F756135713E6}.Debug|x64.Build.0 = Debug|Win32
		{5853C3E5-766C-42F0-A5CA-F756135713E6}.Debug|x86.ActiveCfg = Debug|Win32
		{5853C3E5-766C-42F0-A5CA-F756135713E6}.Debug|x86.Build.0 = Debug|Win32
		{5853C3E5-766C-42F0-A5CA-F756135713E6}.Release|x64.ActiveCfg = Release|Win32
		{5853C3E5-766C-42F0-A5CA-F756135713E6}.Release|x64.Build.0 = Release|Win32
		{5853C3E5-766C-42F0-A5CA-F756135713E6}.Release|x86.ActiveCfg = Release|Win32
		{5853C3E5-766C-42F0-A5CA-F756135713E6}.Release|x86.Build.0 = Release|Win32
		{6D32B86D-67D3-4016-A465-1B685086F68D}.Debug|x64.ActiveCfg = Debug|Win32
		{6D32B86D-67D3-4016-A465-1B685086F68D}.Debug|x64.Build.0 = Debug|Win32
		{6D32B86D-67D3-4016-A465-1B685086F68D}.Debug|x86.ActiveCfg = Debug|Win32
		{6D32B86D-67D3-4016-A465-1B685086F68D}.Debug|x86.Build.0 = Debug|Win32
		{6D32B86D-67D3-4016-A465-1B685086F68D}.Release|x64.ActiveCfg = Release|Win32
		{6D32B86D-67D3-4016-A465-1B685086F68D}.Release|x64.Build.0 = Release|Win32
		{6D32B86D-67D3-4016-A465-1B685086F68D}.Release|x86.ActiveCfg = Release|Win32
		{6D32B86D-67D3-4016-A465-1B685086F68D}.Release|x86.Build.0 = Release|Win32
		{06091828-FC28-4B22-9545-4239B1CB6AE0}.Debug|x64.ActiveCfg = Debug|Win32
		{06091828-FC28-4B22-9545-4239B1CB6AE0}.Debug|x64.Build.0 = Debug|Win32
		{06091828-FC28-4B22-9545-4239B1CB6AE0}.Debug|x86.ActiveCfg = Debug|Win32
		{06091828-FC28-4B22-9545-4239B1CB6AE0}.Debug|x86.Build.0 = Debug|Win32
		{06091828-FC28-4B22-9545-4239B1CB6AE0}.Release|x64.ActiveCfg = Release|Win32
		{06091828-FC28-4B22-9545-4239B1CB6AE0}.Release|x64.Build.0 = Release|Win32
		{06091828-FC28-4B22-9545-4239B1CB6AE0}.Release|x86.ActiveCfg = Release|Win32
		{06091828-FC28-4B22-9545-4239B1CB6AE0}.Release|x86.Build.0 = Release|Win32
	EndGlobalSection
	GlobalSection(SolutionProperties) = preSolution
		HideSolutionNode = FALSE
	EndGlobalSection
	GlobalSection(ExtensibilityGlobals) = postSolution
		SolutionGuid = {526F83B0-55E8-4C9F-AEC2-F858B242400D}
	EndGlobalSection
EndGlobal
